// !$*UTF8*$!
{
	archiveVersion = 1;
	classes = {
	};
	objectVersion = 55;
	objects = {

/* Begin PBXBuildFile section */
		481A064727987E04008BEB4A /* MTLRenderPipelineState+.swift in Sources */ = {isa = PBXBuildFile; fileRef = 481A064627987E04008BEB4A /* MTLRenderPipelineState+.swift */; };
		481A064A2798837A008BEB4A /* ExNoteDocument+DisplayConfig.swift in Sources */ = {isa = PBXBuildFile; fileRef = 481A06492798837A008BEB4A /* ExNoteDocument+DisplayConfig.swift */; };
		481A064C279897D7008BEB4A /* Shader_triangleStrip.metal in Sources */ = {isa = PBXBuildFile; fileRef = 481A064B279897D7008BEB4A /* Shader_triangleStrip.metal */; };
		489C902A279B3DEC000A4933 /* MainViewController.swift in Sources */ = {isa = PBXBuildFile; fileRef = 489C9029279B3DEC000A4933 /* MainViewController.swift */; };
		48AA302127965D3C00527BAD /* ScrollableMTKViewController+ScrollDelegate.swift in Sources */ = {isa = PBXBuildFile; fileRef = 48AA302027965D3C00527BAD /* ScrollableMTKViewController+ScrollDelegate.swift */; };
		48AA302427965DBA00527BAD /* XCLog in Frameworks */ = {isa = PBXBuildFile; productRef = 48AA302327965DBA00527BAD /* XCLog */; };
		48AA3027279678C800527BAD /* RenderViewDelegate.swift in Sources */ = {isa = PBXBuildFile; fileRef = 48AA3026279678C800527BAD /* RenderViewDelegate.swift */; };
		48AA30332796791B00527BAD /* testExNoteDocument.swift in Sources */ = {isa = PBXBuildFile; fileRef = 48AA302A2796791B00527BAD /* testExNoteDocument.swift */; };
		48AA30342796791B00527BAD /* ExPosition.swift in Sources */ = {isa = PBXBuildFile; fileRef = 48AA302C2796791B00527BAD /* ExPosition.swift */; };
		48AA30352796791B00527BAD /* ExColor.swift in Sources */ = {isa = PBXBuildFile; fileRef = 48AA302D2796791B00527BAD /* ExColor.swift */; };
		48AA30362796791B00527BAD /* ExPoint.swift in Sources */ = {isa = PBXBuildFile; fileRef = 48AA302E2796791B00527BAD /* ExPoint.swift */; };
		48AA30372796791B00527BAD /* ExShape.swift in Sources */ = {isa = PBXBuildFile; fileRef = 48AA302F2796791B00527BAD /* ExShape.swift */; };
		48AA30382796791B00527BAD /* ExPage.swift in Sources */ = {isa = PBXBuildFile; fileRef = 48AA30302796791B00527BAD /* ExPage.swift */; };
		48AA30392796791B00527BAD /* ExStroke.swift in Sources */ = {isa = PBXBuildFile; fileRef = 48AA30312796791B00527BAD /* ExStroke.swift */; };
		48AA303A2796791B00527BAD /* ExNoteDocument.swift in Sources */ = {isa = PBXBuildFile; fileRef = 48AA30322796791B00527BAD /* ExNoteDocument.swift */; };
		48AA304627968F8B00527BAD /* ExSize.swift in Sources */ = {isa = PBXBuildFile; fileRef = 48AA304527968F8B00527BAD /* ExSize.swift */; };
		48DECD8A27965BE3005BF878 /* AppDelegate.swift in Sources */ = {isa = PBXBuildFile; fileRef = 48DECD8927965BE3005BF878 /* AppDelegate.swift */; };
		48DECD8C27965BE3005BF878 /* SceneDelegate.swift in Sources */ = {isa = PBXBuildFile; fileRef = 48DECD8B27965BE3005BF878 /* SceneDelegate.swift */; };
		48DECD8E27965BE3005BF878 /* ScrollableMTKViewController.swift in Sources */ = {isa = PBXBuildFile; fileRef = 48DECD8D27965BE3005BF878 /* ScrollableMTKViewController.swift */; };
		48DECD9327965BE7005BF878 /* Assets.xcassets in Resources */ = {isa = PBXBuildFile; fileRef = 48DECD9227965BE7005BF878 /* Assets.xcassets */; };
		48DECD9627965BE7005BF878 /* LaunchScreen.storyboard in Resources */ = {isa = PBXBuildFile; fileRef = 48DECD9427965BE7005BF878 /* LaunchScreen.storyboard */; };
/* End PBXBuildFile section */

/* Begin PBXFileReference section */
		481A064627987E04008BEB4A /* MTLRenderPipelineState+.swift */ = {isa = PBXFileReference; lastKnownFileType = sourcecode.swift; path = "MTLRenderPipelineState+.swift"; sourceTree = "<group>"; };
		481A06492798837A008BEB4A /* ExNoteDocument+DisplayConfig.swift */ = {isa = PBXFileReference; lastKnownFileType = sourcecode.swift; path = "ExNoteDocument+DisplayConfig.swift"; sourceTree = "<group>"; };
		481A064B279897D7008BEB4A /* Shader_triangleStrip.metal */ = {isa = PBXFileReference; lastKnownFileType = sourcecode.metal; path = Shader_triangleStrip.metal; sourceTree = "<group>"; };
		481CC3B32796A52E008E5E51 /* TODO.md */ = {isa = PBXFileReference; lastKnownFileType = net.daringfireball.markdown; path = TODO.md; sourceTree = "<group>"; };
		481CC3B42796A6A6008E5E51 /* README.md */ = {isa = PBXFileReference; lastKnownFileType = net.daringfireball.markdown; path = README.md; sourceTree = "<group>"; };
		489C9029279B3DEC000A4933 /* MainViewController.swift */ = {isa = PBXFileReference; lastKnownFileType = sourcecode.swift; path = MainViewController.swift; sourceTree = "<group>"; };
		48AA302027965D3C00527BAD /* ScrollableMTKViewController+ScrollDelegate.swift */ = {isa = PBXFileReference; lastKnownFileType = sourcecode.swift; path = "ScrollableMTKViewController+ScrollDelegate.swift"; sourceTree = "<group>"; };
		48AA3026279678C800527BAD /* RenderViewDelegate.swift */ = {isa = PBXFileReference; lastKnownFileType = sourcecode.swift; path = RenderViewDelegate.swift; sourceTree = "<group>"; };
		48AA302A2796791B00527BAD /* testExNoteDocument.swift */ = {isa = PBXFileReference; fileEncoding = 4; lastKnownFileType = sourcecode.swift; path = testExNoteDocument.swift; sourceTree = "<group>"; };
		48AA302C2796791B00527BAD /* ExPosition.swift */ = {isa = PBXFileReference; fileEncoding = 4; lastKnownFileType = sourcecode.swift; path = ExPosition.swift; sourceTree = "<group>"; };
		48AA302D2796791B00527BAD /* ExColor.swift */ = {isa = PBXFileReference; fileEncoding = 4; lastKnownFileType = sourcecode.swift; path = ExColor.swift; sourceTree = "<group>"; };
		48AA302E2796791B00527BAD /* ExPoint.swift */ = {isa = PBXFileReference; fileEncoding = 4; lastKnownFileType = sourcecode.swift; path = ExPoint.swift; sourceTree = "<group>"; };
		48AA302F2796791B00527BAD /* ExShape.swift */ = {isa = PBXFileReference; fileEncoding = 4; lastKnownFileType = sourcecode.swift; path = ExShape.swift; sourceTree = "<group>"; };
		48AA30302796791B00527BAD /* ExPage.swift */ = {isa = PBXFileReference; fileEncoding = 4; lastKnownFileType = sourcecode.swift; path = ExPage.swift; sourceTree = "<group>"; };
		48AA30312796791B00527BAD /* ExStroke.swift */ = {isa = PBXFileReference; fileEncoding = 4; lastKnownFileType = sourcecode.swift; path = ExStroke.swift; sourceTree = "<group>"; };
		48AA30322796791B00527BAD /* ExNoteDocument.swift */ = {isa = PBXFileReference; fileEncoding = 4; lastKnownFileType = sourcecode.swift; path = ExNoteDocument.swift; sourceTree = "<group>"; };
		48AA303C2796794100527BAD /* ShaderDefinitions.h */ = {isa = PBXFileReference; fileEncoding = 4; lastKnownFileType = sourcecode.c.h; path = ShaderDefinitions.h; sourceTree = "<group>"; };
		48AA30412796794100527BAD /* Bridging-Header.h */ = {isa = PBXFileReference; fileEncoding = 4; lastKnownFileType = sourcecode.c.h; path = "Bridging-Header.h"; sourceTree = "<group>"; };
		48AA304527968F8B00527BAD /* ExSize.swift */ = {isa = PBXFileReference; lastKnownFileType = sourcecode.swift; path = ExSize.swift; sourceTree = "<group>"; };
		48DECD8627965BE3005BF878 /* ExNotesBeta.app */ = {isa = PBXFileReference; explicitFileType = wrapper.application; includeInIndex = 0; path = ExNotesBeta.app; sourceTree = BUILT_PRODUCTS_DIR; };
		48DECD8927965BE3005BF878 /* AppDelegate.swift */ = {isa = PBXFileReference; lastKnownFileType = sourcecode.swift; path = AppDelegate.swift; sourceTree = "<group>"; };
		48DECD8B27965BE3005BF878 /* SceneDelegate.swift */ = {isa = PBXFileReference; lastKnownFileType = sourcecode.swift; path = SceneDelegate.swift; sourceTree = "<group>"; };
		48DECD8D27965BE3005BF878 /* ScrollableMTKViewController.swift */ = {isa = PBXFileReference; lastKnownFileType = sourcecode.swift; path = ScrollableMTKViewController.swift; sourceTree = "<group>"; };
		48DECD9227965BE7005BF878 /* Assets.xcassets */ = {isa = PBXFileReference; lastKnownFileType = folder.assetcatalog; path = Assets.xcassets; sourceTree = "<group>"; };
		48DECD9527965BE7005BF878 /* Base */ = {isa = PBXFileReference; lastKnownFileType = file.storyboard; name = Base; path = Base.lproj/LaunchScreen.storyboard; sourceTree = "<group>"; };
		48DECD9727965BE7005BF878 /* Info.plist */ = {isa = PBXFileReference; lastKnownFileType = text.plist.xml; path = Info.plist; sourceTree = "<group>"; };
/* End PBXFileReference section */

/* Begin PBXFrameworksBuildPhase section */
		48DECD8327965BE3005BF878 /* Frameworks */ = {
			isa = PBXFrameworksBuildPhase;
			buildActionMask = 2147483647;
			files = (
				48AA302427965DBA00527BAD /* XCLog in Frameworks */,
			);
			runOnlyForDeploymentPostprocessing = 0;
		};
/* End PBXFrameworksBuildPhase section */

/* Begin PBXGroup section */
		481A064827987E75008BEB4A /* Extensions */ = {
			isa = PBXGroup;
			children = (
				481A064627987E04008BEB4A /* MTLRenderPipelineState+.swift */,
			);
			path = Extensions;
			sourceTree = "<group>";
		};
		48AA3025279665F400527BAD /* App */ = {
			isa = PBXGroup;
			children = (
				48DECD8927965BE3005BF878 /* AppDelegate.swift */,
				48DECD8B27965BE3005BF878 /* SceneDelegate.swift */,
			);
			path = App;
			sourceTree = "<group>";
		};
		48AA30282796791B00527BAD /* Data */ = {
			isa = PBXGroup;
			children = (
				48AA302B2796791B00527BAD /* DataStructure */,
				48AA30292796791B00527BAD /* TestData */,
			);
			path = Data;
			sourceTree = "<group>";
		};
		48AA30292796791B00527BAD /* TestData */ = {
			isa = PBXGroup;
			children = (
				48AA302A2796791B00527BAD /* testExNoteDocument.swift */,
			);
			path = TestData;
			sourceTree = "<group>";
		};
		48AA302B2796791B00527BAD /* DataStructure */ = {
			isa = PBXGroup;
			children = (
				48AA30322796791B00527BAD /* ExNoteDocument.swift */,
				481A06492798837A008BEB4A /* ExNoteDocument+DisplayConfig.swift */,
				48AA30302796791B00527BAD /* ExPage.swift */,
				48AA30312796791B00527BAD /* ExStroke.swift */,
				48AA304527968F8B00527BAD /* ExSize.swift */,
				48AA302F2796791B00527BAD /* ExShape.swift */,
				48AA302C2796791B00527BAD /* ExPosition.swift */,
				48AA302D2796791B00527BAD /* ExColor.swift */,
				48AA302E2796791B00527BAD /* ExPoint.swift */,
			);
			path = DataStructure;
			sourceTree = "<group>";
		};
		48AA303B2796794100527BAD /* Render */ = {
			isa = PBXGroup;
			children = (
				48AA3026279678C800527BAD /* RenderViewDelegate.swift */,
				481A064827987E75008BEB4A /* Extensions */,
				48AA303C2796794100527BAD /* ShaderDefinitions.h */,
				481A064B279897D7008BEB4A /* Shader_triangleStrip.metal */,
			);
			path = Render;
			sourceTree = "<group>";
		};
		48AA30402796794100527BAD /* Swift */ = {
			isa = PBXGroup;
			children = (
				48AA30412796794100527BAD /* Bridging-Header.h */,
			);
			path = Swift;
			sourceTree = "<group>";
		};
		48DECD7D27965BE3005BF878 = {
			isa = PBXGroup;
			children = (
				48DECD8827965BE3005BF878 /* ExNotesBeta */,
				48DECD8727965BE3005BF878 /* Products */,
			);
			sourceTree = "<group>";
		};
		48DECD8727965BE3005BF878 /* Products */ = {
			isa = PBXGroup;
			children = (
				48DECD8627965BE3005BF878 /* ExNotesBeta.app */,
			);
			name = Products;
			sourceTree = "<group>";
		};
		48DECD8827965BE3005BF878 /* ExNotesBeta */ = {
			isa = PBXGroup;
			children = (
				48AA3025279665F400527BAD /* App */,
				489C9029279B3DEC000A4933 /* MainViewController.swift */,
				48DECD8D27965BE3005BF878 /* ScrollableMTKViewController.swift */,
				48AA302027965D3C00527BAD /* ScrollableMTKViewController+ScrollDelegate.swift */,
				48AA30282796791B00527BAD /* Data */,
				48AA303B2796794100527BAD /* Render */,
				48AA30402796794100527BAD /* Swift */,
				48DECD9227965BE7005BF878 /* Assets.xcassets */,
				48DECD9427965BE7005BF878 /* LaunchScreen.storyboard */,
				48DECD9727965BE7005BF878 /* Info.plist */,
				481CC3B32796A52E008E5E51 /* TODO.md */,
				481CC3B42796A6A6008E5E51 /* README.md */,
			);
			path = ExNotesBeta;
			sourceTree = "<group>";
		};
/* End PBXGroup section */

/* Begin PBXNativeTarget section */
		48DECD8527965BE3005BF878 /* ExNotesBeta */ = {
			isa = PBXNativeTarget;
			buildConfigurationList = 48DECD9A27965BE7005BF878 /* Build configuration list for PBXNativeTarget "ExNotesBeta" */;
			buildPhases = (
				48DECD8227965BE3005BF878 /* Sources */,
				48DECD8327965BE3005BF878 /* Frameworks */,
				48DECD8427965BE3005BF878 /* Resources */,
			);
			buildRules = (
			);
			dependencies = (
			);
			name = ExNotesBeta;
			packageProductDependencies = (
				48AA302327965DBA00527BAD /* XCLog */,
			);
			productName = tryScrollView;
			productReference = 48DECD8627965BE3005BF878 /* ExNotesBeta.app */;
			productType = "com.apple.product-type.application";
		};
/* End PBXNativeTarget section */

/* Begin PBXProject section */
		48DECD7E27965BE3005BF878 /* Project object */ = {
			isa = PBXProject;
			attributes = {
				BuildIndependentTargetsInParallel = 1;
				LastSwiftUpdateCheck = 1310;
				LastUpgradeCheck = 1310;
				TargetAttributes = {
					48DECD8527965BE3005BF878 = {
						CreatedOnToolsVersion = 13.1;
					};
				};
			};
			buildConfigurationList = 48DECD8127965BE3005BF878 /* Build configuration list for PBXProject "ExNotesBeta" */;
			compatibilityVersion = "Xcode 13.0";
			developmentRegion = en;
			hasScannedForEncodings = 0;
			knownRegions = (
				en,
				Base,
			);
			mainGroup = 48DECD7D27965BE3005BF878;
			packageReferences = (
				48AA302227965DBA00527BAD /* XCRemoteSwiftPackageReference "XCLog" */,
			);
			productRefGroup = 48DECD8727965BE3005BF878 /* Products */;
			projectDirPath = "";
			projectRoot = "";
			targets = (
				48DECD8527965BE3005BF878 /* ExNotesBeta */,
			);
		};
/* End PBXProject section */

/* Begin PBXResourcesBuildPhase section */
		48DECD8427965BE3005BF878 /* Resources */ = {
			isa = PBXResourcesBuildPhase;
			buildActionMask = 2147483647;
			files = (
				48DECD9627965BE7005BF878 /* LaunchScreen.storyboard in Resources */,
				48DECD9327965BE7005BF878 /* Assets.xcassets in Resources */,
			);
			runOnlyForDeploymentPostprocessing = 0;
		};
/* End PBXResourcesBuildPhase section */

/* Begin PBXSourcesBuildPhase section */
		48DECD8227965BE3005BF878 /* Sources */ = {
			isa = PBXSourcesBuildPhase;
			buildActionMask = 2147483647;
			files = (
				48AA30342796791B00527BAD /* ExPosition.swift in Sources */,
				48AA302127965D3C00527BAD /* ScrollableMTKViewController+ScrollDelegate.swift in Sources */,
				48AA30372796791B00527BAD /* ExShape.swift in Sources */,
				48DECD8E27965BE3005BF878 /* ScrollableMTKViewController.swift in Sources */,
				48AA3027279678C800527BAD /* RenderViewDelegate.swift in Sources */,
				48AA30352796791B00527BAD /* ExColor.swift in Sources */,
				48DECD8A27965BE3005BF878 /* AppDelegate.swift in Sources */,
				481A064727987E04008BEB4A /* MTLRenderPipelineState+.swift in Sources */,
				48AA304627968F8B00527BAD /* ExSize.swift in Sources */,
				48DECD8C27965BE3005BF878 /* SceneDelegate.swift in Sources */,
				48AA30382796791B00527BAD /* ExPage.swift in Sources */,
				48AA30362796791B00527BAD /* ExPoint.swift in Sources */,
				48AA30392796791B00527BAD /* ExStroke.swift in Sources */,
				48AA30332796791B00527BAD /* testExNoteDocument.swift in Sources */,
				481A064C279897D7008BEB4A /* Shader_triangleStrip.metal in Sources */,
				489C902A279B3DEC000A4933 /* MainViewController.swift in Sources */,
				481A064A2798837A008BEB4A /* ExNoteDocument+DisplayConfig.swift in Sources */,
				48AA303A2796791B00527BAD /* ExNoteDocument.swift in Sources */,
			);
			runOnlyForDeploymentPostprocessing = 0;
		};
/* End PBXSourcesBuildPhase section */

/* Begin PBXVariantGroup section */
		48DECD9427965BE7005BF878 /* LaunchScreen.storyboard */ = {
			isa = PBXVariantGroup;
			children = (
				48DECD9527965BE7005BF878 /* Base */,
			);
			name = LaunchScreen.storyboard;
			sourceTree = "<group>";
		};
/* End PBXVariantGroup section */

/* Begin XCBuildConfiguration section */
		48DECD9827965BE7005BF878 /* Debug */ = {
			isa = XCBuildConfiguration;
			buildSettings = {
				ALWAYS_SEARCH_USER_PATHS = NO;
				CLANG_ANALYZER_NONNULL = YES;
				CLANG_ANALYZER_NUMBER_OBJECT_CONVERSION = YES_AGGRESSIVE;
				CLANG_CXX_LANGUAGE_STANDARD = "gnu++17";
				CLANG_CXX_LIBRARY = "libc++";
				CLANG_ENABLE_MODULES = YES;
				CLANG_ENABLE_OBJC_ARC = YES;
				CLANG_ENABLE_OBJC_WEAK = YES;
				CLANG_WARN_BLOCK_CAPTURE_AUTORELEASING = YES;
				CLANG_WARN_BOOL_CONVERSION = YES;
				CLANG_WARN_COMMA = YES;
				CLANG_WARN_CONSTANT_CONVERSION = YES;
				CLANG_WARN_DEPRECATED_OBJC_IMPLEMENTATIONS = YES;
				CLANG_WARN_DIRECT_OBJC_ISA_USAGE = YES_ERROR;
				CLANG_WARN_DOCUMENTATION_COMMENTS = YES;
				CLANG_WARN_EMPTY_BODY = YES;
				CLANG_WARN_ENUM_CONVERSION = YES;
				CLANG_WARN_INFINITE_RECURSION = YES;
				CLANG_WARN_INT_CONVERSION = YES;
				CLANG_WARN_NON_LITERAL_NULL_CONVERSION = YES;
				CLANG_WARN_OBJC_IMPLICIT_RETAIN_SELF = YES;
				CLANG_WARN_OBJC_LITERAL_CONVERSION = YES;
				CLANG_WARN_OBJC_ROOT_CLASS = YES_ERROR;
				CLANG_WARN_QUOTED_INCLUDE_IN_FRAMEWORK_HEADER = YES;
				CLANG_WARN_RANGE_LOOP_ANALYSIS = YES;
				CLANG_WARN_STRICT_PROTOTYPES = YES;
				CLANG_WARN_SUSPICIOUS_MOVE = YES;
				CLANG_WARN_UNGUARDED_AVAILABILITY = YES_AGGRESSIVE;
				CLANG_WARN_UNREACHABLE_CODE = YES;
				CLANG_WARN__DUPLICATE_METHOD_MATCH = YES;
				COPY_PHASE_STRIP = NO;
				DEBUG_INFORMATION_FORMAT = dwarf;
				ENABLE_STRICT_OBJC_MSGSEND = YES;
				ENABLE_TESTABILITY = YES;
				GCC_C_LANGUAGE_STANDARD = gnu11;
				GCC_DYNAMIC_NO_PIC = NO;
				GCC_NO_COMMON_BLOCKS = YES;
				GCC_OPTIMIZATION_LEVEL = 0;
				GCC_PREPROCESSOR_DEFINITIONS = (
					"DEBUG=1",
					"$(inherited)",
				);
				GCC_WARN_64_TO_32_BIT_CONVERSION = YES;
				GCC_WARN_ABOUT_RETURN_TYPE = YES_ERROR;
				GCC_WARN_UNDECLARED_SELECTOR = YES;
				GCC_WARN_UNINITIALIZED_AUTOS = YES_AGGRESSIVE;
				GCC_WARN_UNUSED_FUNCTION = YES;
				GCC_WARN_UNUSED_VARIABLE = YES;
				INFOPLIST_FILE = ExNotesBeta/Info.plist;
				IPHONEOS_DEPLOYMENT_TARGET = 15.0;
				MTL_ENABLE_DEBUG_INFO = INCLUDE_SOURCE;
				MTL_FAST_MATH = YES;
				ONLY_ACTIVE_ARCH = YES;
				SDKROOT = iphoneos;
				SWIFT_ACTIVE_COMPILATION_CONDITIONS = DEBUG;
				SWIFT_OBJC_BRIDGING_HEADER = "ExNotesBeta/Swift/Bridging-Header.h";
				SWIFT_OPTIMIZATION_LEVEL = "-Onone";
			};
			name = Debug;
		};
		48DECD9927965BE7005BF878 /* Release */ = {
			isa = XCBuildConfiguration;
			buildSettings = {
				ALWAYS_SEARCH_USER_PATHS = NO;
				CLANG_ANALYZER_NONNULL = YES;
				CLANG_ANALYZER_NUMBER_OBJECT_CONVERSION = YES_AGGRESSIVE;
				CLANG_CXX_LANGUAGE_STANDARD = "gnu++17";
				CLANG_CXX_LIBRARY = "libc++";
				CLANG_ENABLE_MODULES = YES;
				CLANG_ENABLE_OBJC_ARC = YES;
				CLANG_ENABLE_OBJC_WEAK = YES;
				CLANG_WARN_BLOCK_CAPTURE_AUTORELEASING = YES;
				CLANG_WARN_BOOL_CONVERSION = YES;
				CLANG_WARN_COMMA = YES;
				CLANG_WARN_CONSTANT_CONVERSION = YES;
				CLANG_WARN_DEPRECATED_OBJC_IMPLEMENTATIONS = YES;
				CLANG_WARN_DIRECT_OBJC_ISA_USAGE = YES_ERROR;
				CLANG_WARN_DOCUMENTATION_COMMENTS = YES;
				CLANG_WARN_EMPTY_BODY = YES;
				CLANG_WARN_ENUM_CONVERSION = YES;
				CLANG_WARN_INFINITE_RECURSION = YES;
				CLANG_WARN_INT_CONVERSION = YES;
				CLANG_WARN_NON_LITERAL_NULL_CONVERSION = YES;
				CLANG_WARN_OBJC_IMPLICIT_RETAIN_SELF = YES;
				CLANG_WARN_OBJC_LITERAL_CONVERSION = YES;
				CLANG_WARN_OBJC_ROOT_CLASS = YES_ERROR;
				CLANG_WARN_QUOTED_INCLUDE_IN_FRAMEWORK_HEADER = YES;
				CLANG_WARN_RANGE_LOOP_ANALYSIS = YES;
				CLANG_WARN_STRICT_PROTOTYPES = YES;
				CLANG_WARN_SUSPICIOUS_MOVE = YES;
				CLANG_WARN_UNGUARDED_AVAILABILITY = YES_AGGRESSIVE;
				CLANG_WARN_UNREACHABLE_CODE = YES;
				CLANG_WARN__DUPLICATE_METHOD_MATCH = YES;
				COPY_PHASE_STRIP = NO;
				DEBUG_INFORMATION_FORMAT = "dwarf-with-dsym";
				ENABLE_NS_ASSERTIONS = NO;
				ENABLE_STRICT_OBJC_MSGSEND = YES;
				GCC_C_LANGUAGE_STANDARD = gnu11;
				GCC_NO_COMMON_BLOCKS = YES;
				GCC_WARN_64_TO_32_BIT_CONVERSION = YES;
				GCC_WARN_ABOUT_RETURN_TYPE = YES_ERROR;
				GCC_WARN_UNDECLARED_SELECTOR = YES;
				GCC_WARN_UNINITIALIZED_AUTOS = YES_AGGRESSIVE;
				GCC_WARN_UNUSED_FUNCTION = YES;
				GCC_WARN_UNUSED_VARIABLE = YES;
				INFOPLIST_FILE = "${SRCROOT}/ExNotesBeta/Info.plist";
				IPHONEOS_DEPLOYMENT_TARGET = 15.0;
				MTL_ENABLE_DEBUG_INFO = NO;
				MTL_FAST_MATH = YES;
				SDKROOT = iphoneos;
				SWIFT_COMPILATION_MODE = wholemodule;
				SWIFT_OBJC_BRIDGING_HEADER = "ExNotesBeta/Swift/Bridging-Header.h";
				SWIFT_OPTIMIZATION_LEVEL = "-O";
				VALIDATE_PRODUCT = YES;
			};
			name = Release;
		};
		48DECD9B27965BE7005BF878 /* Debug */ = {
			isa = XCBuildConfiguration;
			buildSettings = {
				ASSETCATALOG_COMPILER_APPICON_NAME = AppIcon;
				ASSETCATALOG_COMPILER_GLOBAL_ACCENT_COLOR_NAME = AccentColor;
				CODE_SIGN_STYLE = Automatic;
				CURRENT_PROJECT_VERSION = 1;
				DEVELOPMENT_TEAM = C4W6UUH267;
				GENERATE_INFOPLIST_FILE = YES;
				INFOPLIST_FILE = ExNotesBeta/Info.plist;
				INFOPLIST_KEY_UIApplicationSupportsIndirectInputEvents = YES;
				INFOPLIST_KEY_UILaunchStoryboardName = LaunchScreen;
				INFOPLIST_KEY_UISupportedInterfaceOrientations_iPad = "UIInterfaceOrientationPortrait UIInterfaceOrientationPortraitUpsideDown UIInterfaceOrientationLandscapeLeft UIInterfaceOrientationLandscapeRight";
				INFOPLIST_KEY_UISupportedInterfaceOrientations_iPhone = "UIInterfaceOrientationPortrait UIInterfaceOrientationLandscapeLeft UIInterfaceOrientationLandscapeRight";
				LD_RUNPATH_SEARCH_PATHS = (
					"$(inherited)",
					"@executable_path/Frameworks",
				);
				MARKETING_VERSION = 1.0;
				PRODUCT_BUNDLE_IDENTIFIER = com.yangxijie.scrollableMTKView;
				PRODUCT_NAME = "$(TARGET_NAME)";
				SWIFT_EMIT_LOC_STRINGS = YES;
				SWIFT_VERSION = 5.0;
				TARGETED_DEVICE_FAMILY = 2;
			};
			name = Debug;
		};
		48DECD9C27965BE7005BF878 /* Release */ = {
			isa = XCBuildConfiguration;
			buildSettings = {
				ASSETCATALOG_COMPILER_APPICON_NAME = AppIcon;
				ASSETCATALOG_COMPILER_GLOBAL_ACCENT_COLOR_NAME = AccentColor;
				CODE_SIGN_STYLE = Automatic;
				CURRENT_PROJECT_VERSION = 1;
				DEVELOPMENT_TEAM = C4W6UUH267;
				GENERATE_INFOPLIST_FILE = YES;
				INFOPLIST_FILE = ExNotesBeta/Info.plist;
				INFOPLIST_KEY_UIApplicationSupportsIndirectInputEvents = YES;
				INFOPLIST_KEY_UILaunchStoryboardName = LaunchScreen;
				INFOPLIST_KEY_UISupportedInterfaceOrientations_iPad = "UIInterfaceOrientationPortrait UIInterfaceOrientationPortraitUpsideDown UIInterfaceOrientationLandscapeLeft UIInterfaceOrientationLandscapeRight";
				INFOPLIST_KEY_UISupportedInterfaceOrientations_iPhone = "UIInterfaceOrientationPortrait UIInterfaceOrientationLandscapeLeft UIInterfaceOrientationLandscapeRight";
				LD_RUNPATH_SEARCH_PATHS = (
					"$(inherited)",
					"@executable_path/Frameworks",
				);
				MARKETING_VERSION = 1.0;
				PRODUCT_BUNDLE_IDENTIFIER = com.yangxijie.scrollableMTKView;
				PRODUCT_NAME = "$(TARGET_NAME)";
				SWIFT_EMIT_LOC_STRINGS = YES;
				SWIFT_VERSION = 5.0;
				TARGETED_DEVICE_FAMILY = 2;
			};
			name = Release;
		};
/* End XCBuildConfiguration section */

/* Begin XCConfigurationList section */
		48DECD8127965BE3005BF878 /* Build configuration list for PBXProject "ExNotesBeta" */ = {
			isa = XCConfigurationList;
			buildConfigurations = (
				48DECD9827965BE7005BF878 /* Debug */,
				48DECD9927965BE7005BF878 /* Release */,
			);
			defaultConfigurationIsVisible = 0;
			defaultConfigurationName = Release;
		};
		48DECD9A27965BE7005BF878 /* Build configuration list for PBXNativeTarget "ExNotesBeta" */ = {
			isa = XCConfigurationList;
			buildConfigurations = (
				48DECD9B27965BE7005BF878 /* Debug */,
				48DECD9C27965BE7005BF878 /* Release */,
			);
			defaultConfigurationIsVisible = 0;
			defaultConfigurationName = Release;
		};
/* End XCConfigurationList section */

/* Begin XCRemoteSwiftPackageReference section */
		48AA302227965DBA00527BAD /* XCRemoteSwiftPackageReference "XCLog" */ = {
			isa = XCRemoteSwiftPackageReference;
			repositoryURL = "https://github.com/Yang-Xijie/XCLog";
			requirement = {
				kind = upToNextMajorVersion;
				minimumVersion = 1.0.0;
			};
		};
/* End XCRemoteSwiftPackageReference section */

/* Begin XCSwiftPackageProductDependency section */
		48AA302327965DBA00527BAD /* XCLog */ = {
			isa = XCSwiftPackageProductDependency;
			package = 48AA302227965DBA00527BAD /* XCRemoteSwiftPackageReference "XCLog" */;
			productName = XCLog;
		};
/* End XCSwiftPackageProductDependency section */
	};
	rootObject = 48DECD7E27965BE3005BF878 /* Project object */;
}
